
Microsoft Visual Studio Solution File, Format Version 12.00
# Visual Studio Version 17
VisualStudioVersion = 17.11.35431.28
MinimumVisualStudioVersion = 10.0.40219.1
Project("{FAE04EC0-301F-11D3-BF4B-00C04F79EFBC}") = "15_6_6_Praktika", "15_6_6_Praktika.csproj", "{D11A1360-EF87-4B0B-AD35-53EC04841663}"
EndProject
Global
	GlobalSection(SolutionConfigurationPlatforms) = preSolution
		Debug|Any CPU = Debug|Any CPU
		Release|Any CPU = Release|Any CPU
	EndGlobalSection
	GlobalSection(ProjectConfigurationPlatforms) = postSolution
		{D11A1360-EF87-4B0B-AD35-53EC04841663}.Debug|Any CPU.ActiveCfg = Debug|Any CPU
		{D11A1360-EF87-4B0B-AD35-53EC04841663}.Debug|Any CPU.Build.0 = Debug|Any CPU
		{D11A1360-EF87-4B0B-AD35-53EC04841663}.Release|Any CPU.ActiveCfg = Release|Any CPU
		{D11A1360-EF87-4B0B-AD35-53EC04841663}.Release|Any CPU.Build.0 = Release|Any CPU
	EndGlobalSection
	GlobalSection(SolutionProperties) = preSolution
		HideSolutionNode = FALSE
	EndGlobalSection
	GlobalSection(ExtensibilityGlobals) = postSolution
		SolutionGuid = {8440989F-F79E-4C41-9E9B-C6540CA84207}
	EndGlobalSection
EndGlobal
